
Microsoft Visual Studio Solution File, Format Version 12.00
# Visual Studio Version 16
VisualStudioVersion = 16.0.32602.291
MinimumVisualStudioVersion = 10.0.40219.1
Project("{FAE04EC0-301F-11D3-BF4B-00C04F79EFBC}") = "ATMAPP", "ATMAPP\ATMAPP.csproj", "{76A1F745-A7E2-4678-ADE0-EAA2CE9EBB5E}"
EndProject
Global
	GlobalSection(SolutionConfigurationPlatforms) = preSolution
		Debug|Any CPU = Debug|Any CPU
		Release|Any CPU = Release|Any CPU
	EndGlobalSection
	GlobalSection(ProjectConfigurationPlatforms) = postSolution
		{76A1F745-A7E2-4678-ADE0-EAA2CE9EBB5E}.Debug|Any CPU.ActiveCfg = Debug|Any CPU
		{76A1F745-A7E2-4678-ADE0-EAA2CE9EBB5E}.Debug|Any CPU.Build.0 = Debug|Any CPU
		{76A1F745-A7E2-4678-ADE0-EAA2CE9EBB5E}.Release|Any CPU.ActiveCfg = Release|Any CPU
		{76A1F745-A7E2-4678-ADE0-EAA2CE9EBB5E}.Release|Any CPU.Build.0 = Release|Any CPU
	EndGlobalSection
	GlobalSection(SolutionProperties) = preSolution
		HideSolutionNode = FALSE
	EndGlobalSection
	GlobalSection(ExtensibilityGlobals) = postSolution
		SolutionGuid = {635DC708-F23A-426D-AFA2-8C96CC85F1D8}
	EndGlobalSection
EndGlobal
